<?xml version="1.0" encoding="utf-8"?>
<Project ToolsVersion="4.0" xmlns="http://schemas.microsoft.com/developer/msbuild/2003">
  <ItemGroup>
    <Filter Include="Common">
      <UniqueIdentifier>514a9dff-e027-4a7f-ad4b-281aadef2fc7</UniqueIdentifier>
    </Filter>
    <Filter Include="Assets">
      <UniqueIdentifier>251320d4-9c93-4fee-aa2e-0b6f2c3d53ea</UniqueIdentifier>
      <Extensions>ico;cur;bmp;dds;dlg;fbx;rct;bin;rgs;gif;jpg;jpeg;jpe;resx;tga;tiff;tif;png;wav;mfcribbon-ms</Extensions>
    </Filter>
    <Filter Include="Inc">
      <UniqueIdentifier>{90102ffa-2de1-49fe-9f2a-368b16af1c21}</UniqueIdentifier>
    </Filter>
    <Filter Include="Src">
      <UniqueIdentifier>{78613c45-0373-4a31-94ec-21a0c69e8652}</UniqueIdentifier>
    </Filter>
  </ItemGroup>
  <ItemGroup>
    <ClInclude Include="StepTimer.h">
      <Filter>Common</Filter>
    </ClInclude>
    <ClInclude Include="DeviceResources.h">
      <Filter>Common</Filter>
    </ClInclude>
    <ClInclude Include="Transform.h" />
    <ClInclude Include="Camera.h">
      <Filter>Inc</Filter>
    </ClInclude>
    <ClInclude Include="Component.h">
      <Filter>Inc</Filter>
    </ClInclude>
    <ClInclude Include="Game.h">
      <Filter>Inc</Filter>
    </ClInclude>
    <ClInclude Include="pch.h">
      <Filter>Inc</Filter>
    </ClInclude>
    <ClInclude Include="Entity.h">
      <Filter>Inc</Filter>
    </ClInclude>
    <ClInclude Include="System.h">
      <Filter>Inc</Filter>
    </ClInclude>
    <ClInclude Include="AudioComponent.h">
      <Filter>Inc</Filter>
    </ClInclude>
  </ItemGroup>
  <ItemGroup>
    <ClCompile Include="DeviceResources.cpp">
      <Filter>Common</Filter>
    </ClCompile>
    <ClCompile Include="Camera.cpp">
      <Filter>Src</Filter>
    </ClCompile>
    <ClCompile Include="Component.cpp">
      <Filter>Src</Filter>
    </ClCompile>
    <ClCompile Include="Game.cpp">
      <Filter>Src</Filter>
    </ClCompile>
    <ClCompile Include="Transform.cpp">
      <Filter>Src</Filter>
    </ClCompile>
    <ClCompile Include="Entity.cpp">
      <Filter>Src</Filter>
    </ClCompile>
    <ClCompile Include="pch.cpp">
      <Filter>Src</Filter>
    </ClCompile>
    <ClCompile Include="Main.cpp">
      <Filter>Src</Filter>
    </ClCompile>
    <ClCompile Include="AudioComponent.cpp">
      <Filter>Src</Filter>
    </ClCompile>
  </ItemGroup>
  <ItemGroup>
    <ResourceCompile Include="resource.rc" />
  </ItemGroup>
  <ItemGroup>
    <Image Include="directx.ico">
      <Filter>Assets</Filter>
    </Image>
    <Image Include="cup.jpg">
      <Filter>Assets</Filter>
    </Image>
    <Image Include="roomtexture.dds">
      <Filter>Assets</Filter>
    </Image>
  </ItemGroup>
  <ItemGroup>
    <Manifest Include="settings.manifest">
      <Filter>Assets</Filter>
    </Manifest>
  </ItemGroup>
  <ItemGroup>
    <None Include="packages.config" />
    <None Include="cup.cmo">
      <Filter>Assets</Filter>
    </None>
  </ItemGroup>
</Project>